// !$*UTF8*$!
{
	archiveVersion = 1;
	classes = {
	};
	objectVersion = 55;
	objects = {

/* Begin PBXBuildFile section */
		BF3DAC1427430020000B0A5B /* HoneymoonApp.swift in Sources */ = {isa = PBXBuildFile; fileRef = BF3DAC1327430020000B0A5B /* HoneymoonApp.swift */; };
		BF3DAC1627430020000B0A5B /* ContentView.swift in Sources */ = {isa = PBXBuildFile; fileRef = BF3DAC1527430020000B0A5B /* ContentView.swift */; };
		BF3DAC1827430023000B0A5B /* Assets.xcassets in Resources */ = {isa = PBXBuildFile; fileRef = BF3DAC1727430023000B0A5B /* Assets.xcassets */; };
		BF3DAC1B27430023000B0A5B /* Preview Assets.xcassets in Resources */ = {isa = PBXBuildFile; fileRef = BF3DAC1A27430023000B0A5B /* Preview Assets.xcassets */; };
		BF3DAC2427430489000B0A5B /* Launch Screen.storyboard in Resources */ = {isa = PBXBuildFile; fileRef = BF3DAC2327430488000B0A5B /* Launch Screen.storyboard */; };
		BF3DAC2627430650000B0A5B /* HoneymoonModel.swift in Sources */ = {isa = PBXBuildFile; fileRef = BF3DAC2527430650000B0A5B /* HoneymoonModel.swift */; };
		BF3DAC2C274306A1000B0A5B /* HoneymoonData.swift in Sources */ = {isa = PBXBuildFile; fileRef = BF3DAC2B274306A1000B0A5B /* HoneymoonData.swift */; };
		BF3DAC2E274306F6000B0A5B /* CardView.swift in Sources */ = {isa = PBXBuildFile; fileRef = BF3DAC2D274306F6000B0A5B /* CardView.swift */; };
		BF3DAC3027430888000B0A5B /* HeaderView.swift in Sources */ = {isa = PBXBuildFile; fileRef = BF3DAC2F27430888000B0A5B /* HeaderView.swift */; };
		BF3DAC322743098F000B0A5B /* FooterView.swift in Sources */ = {isa = PBXBuildFile; fileRef = BF3DAC312743098E000B0A5B /* FooterView.swift */; };
		BF3DAC3527430AF0000B0A5B /* HeaderComponent.swift in Sources */ = {isa = PBXBuildFile; fileRef = BF3DAC3427430AF0000B0A5B /* HeaderComponent.swift */; };
		BF3DAC3727430B6C000B0A5B /* GuideComponent.swift in Sources */ = {isa = PBXBuildFile; fileRef = BF3DAC3627430B6C000B0A5B /* GuideComponent.swift */; };
		BF3DAC3927430CD4000B0A5B /* GuideView.swift in Sources */ = {isa = PBXBuildFile; fileRef = BF3DAC3827430CD4000B0A5B /* GuideView.swift */; };
		BF3DAC3B27436724000B0A5B /* InfoView.swift in Sources */ = {isa = PBXBuildFile; fileRef = BF3DAC3A27436724000B0A5B /* InfoView.swift */; };
		BF3DAC3D27436795000B0A5B /* TitleModifier.swift in Sources */ = {isa = PBXBuildFile; fileRef = BF3DAC3C27436795000B0A5B /* TitleModifier.swift */; };
		BF3DAC402743687C000B0A5B /* ButtonModifier.swift in Sources */ = {isa = PBXBuildFile; fileRef = BF3DAC3F2743687C000B0A5B /* ButtonModifier.swift */; };
		BF3DAC42274428C3000B0A5B /* SymbolModifier.swift in Sources */ = {isa = PBXBuildFile; fileRef = BF3DAC41274428C3000B0A5B /* SymbolModifier.swift */; };
		BF3DAC4527442B2A000B0A5B /* CardTransition.swift in Sources */ = {isa = PBXBuildFile; fileRef = BF3DAC4427442B2A000B0A5B /* CardTransition.swift */; };
		BF3DAC4827442C93000B0A5B /* PlaySound.swift in Sources */ = {isa = PBXBuildFile; fileRef = BF3DAC4727442C93000B0A5B /* PlaySound.swift */; };
		BF3DAC4B27442DF1000B0A5B /* sound-click.mp3 in Resources */ = {isa = PBXBuildFile; fileRef = BF3DAC4927442DF1000B0A5B /* sound-click.mp3 */; };
		BF3DAC4C27442DF1000B0A5B /* sound-rise.mp3 in Resources */ = {isa = PBXBuildFile; fileRef = BF3DAC4A27442DF1000B0A5B /* sound-rise.mp3 */; };
/* End PBXBuildFile section */

/* Begin PBXFileReference section */
		BF3DAC1027430020000B0A5B /* Honeymoon.app */ = {isa = PBXFileReference; explicitFileType = wrapper.application; includeInIndex = 0; path = Honeymoon.app; sourceTree = BUILT_PRODUCTS_DIR; };
		BF3DAC1327430020000B0A5B /* HoneymoonApp.swift */ = {isa = PBXFileReference; lastKnownFileType = sourcecode.swift; path = HoneymoonApp.swift; sourceTree = "<group>"; };
		BF3DAC1527430020000B0A5B /* ContentView.swift */ = {isa = PBXFileReference; lastKnownFileType = sourcecode.swift; path = ContentView.swift; sourceTree = "<group>"; };
		BF3DAC1727430023000B0A5B /* Assets.xcassets */ = {isa = PBXFileReference; lastKnownFileType = folder.assetcatalog; path = Assets.xcassets; sourceTree = "<group>"; };
		BF3DAC1A27430023000B0A5B /* Preview Assets.xcassets */ = {isa = PBXFileReference; lastKnownFileType = folder.assetcatalog; path = "Preview Assets.xcassets"; sourceTree = "<group>"; };
		BF3DAC2327430488000B0A5B /* Launch Screen.storyboard */ = {isa = PBXFileReference; lastKnownFileType = file.storyboard; path = "Launch Screen.storyboard"; sourceTree = "<group>"; };
		BF3DAC2527430650000B0A5B /* HoneymoonModel.swift */ = {isa = PBXFileReference; lastKnownFileType = sourcecode.swift; path = HoneymoonModel.swift; sourceTree = "<group>"; };
		BF3DAC2B274306A1000B0A5B /* HoneymoonData.swift */ = {isa = PBXFileReference; lastKnownFileType = sourcecode.swift; path = HoneymoonData.swift; sourceTree = "<group>"; };
		BF3DAC2D274306F6000B0A5B /* CardView.swift */ = {isa = PBXFileReference; lastKnownFileType = sourcecode.swift; path = CardView.swift; sourceTree = "<group>"; };
		BF3DAC2F27430888000B0A5B /* HeaderView.swift */ = {isa = PBXFileReference; lastKnownFileType = sourcecode.swift; path = HeaderView.swift; sourceTree = "<group>"; };
		BF3DAC312743098E000B0A5B /* FooterView.swift */ = {isa = PBXFileReference; lastKnownFileType = sourcecode.swift; path = FooterView.swift; sourceTree = "<group>"; };
		BF3DAC3427430AF0000B0A5B /* HeaderComponent.swift */ = {isa = PBXFileReference; lastKnownFileType = sourcecode.swift; path = HeaderComponent.swift; sourceTree = "<group>"; };
		BF3DAC3627430B6C000B0A5B /* GuideComponent.swift */ = {isa = PBXFileReference; lastKnownFileType = sourcecode.swift; path = GuideComponent.swift; sourceTree = "<group>"; };
		BF3DAC3827430CD4000B0A5B /* GuideView.swift */ = {isa = PBXFileReference; lastKnownFileType = sourcecode.swift; path = GuideView.swift; sourceTree = "<group>"; };
		BF3DAC3A27436724000B0A5B /* InfoView.swift */ = {isa = PBXFileReference; lastKnownFileType = sourcecode.swift; path = InfoView.swift; sourceTree = "<group>"; };
		BF3DAC3C27436795000B0A5B /* TitleModifier.swift */ = {isa = PBXFileReference; lastKnownFileType = sourcecode.swift; path = TitleModifier.swift; sourceTree = "<group>"; };
		BF3DAC3F2743687C000B0A5B /* ButtonModifier.swift */ = {isa = PBXFileReference; lastKnownFileType = sourcecode.swift; path = ButtonModifier.swift; sourceTree = "<group>"; };
		BF3DAC41274428C3000B0A5B /* SymbolModifier.swift */ = {isa = PBXFileReference; lastKnownFileType = sourcecode.swift; path = SymbolModifier.swift; sourceTree = "<group>"; };
		BF3DAC4427442B2A000B0A5B /* CardTransition.swift */ = {isa = PBXFileReference; lastKnownFileType = sourcecode.swift; path = CardTransition.swift; sourceTree = "<group>"; };
		BF3DAC4727442C93000B0A5B /* PlaySound.swift */ = {isa = PBXFileReference; lastKnownFileType = sourcecode.swift; path = PlaySound.swift; sourceTree = "<group>"; };
		BF3DAC4927442DF1000B0A5B /* sound-click.mp3 */ = {isa = PBXFileReference; lastKnownFileType = audio.mp3; path = "sound-click.mp3"; sourceTree = "<group>"; };
		BF3DAC4A27442DF1000B0A5B /* sound-rise.mp3 */ = {isa = PBXFileReference; lastKnownFileType = audio.mp3; path = "sound-rise.mp3"; sourceTree = "<group>"; };
/* End PBXFileReference section */

/* Begin PBXFrameworksBuildPhase section */
		BF3DAC0D27430020000B0A5B /* Frameworks */ = {
			isa = PBXFrameworksBuildPhase;
			buildActionMask = 2147483647;
			files = (
			);
			runOnlyForDeploymentPostprocessing = 0;
		};
/* End PBXFrameworksBuildPhase section */

/* Begin PBXGroup section */
		BF3DAC0727430020000B0A5B = {
			isa = PBXGroup;
			children = (
				BF3DAC1227430020000B0A5B /* Honeymoon */,
				BF3DAC1127430020000B0A5B /* Products */,
			);
			sourceTree = "<group>";
		};
		BF3DAC1127430020000B0A5B /* Products */ = {
			isa = PBXGroup;
			children = (
				BF3DAC1027430020000B0A5B /* Honeymoon.app */,
			);
			name = Products;
			sourceTree = "<group>";
		};
		BF3DAC1227430020000B0A5B /* Honeymoon */ = {
			isa = PBXGroup;
			children = (
				BF3DAC4D27442DFB000B0A5B /* Sound */,
				BF3DAC4627442C86000B0A5B /* Helper */,
				BF3DAC4327442B18000B0A5B /* Extension */,
				BF3DAC3E274367C7000B0A5B /* Modifier */,
				BF3DAC3327430ABA000B0A5B /* Component */,
				BF3DAC2827430667000B0A5B /* App */,
				BF3DAC292743066C000B0A5B /* View */,
				BF3DAC2727430656000B0A5B /* Model */,
				BF3DAC2A27430692000B0A5B /* Data */,
				BF3DAC1727430023000B0A5B /* Assets.xcassets */,
				BF3DAC2327430488000B0A5B /* Launch Screen.storyboard */,
				BF3DAC1927430023000B0A5B /* Preview Content */,
			);
			path = Honeymoon;
			sourceTree = "<group>";
		};
		BF3DAC1927430023000B0A5B /* Preview Content */ = {
			isa = PBXGroup;
			children = (
				BF3DAC1A27430023000B0A5B /* Preview Assets.xcassets */,
			);
			path = "Preview Content";
			sourceTree = "<group>";
		};
		BF3DAC2727430656000B0A5B /* Model */ = {
			isa = PBXGroup;
			children = (
				BF3DAC2527430650000B0A5B /* HoneymoonModel.swift */,
			);
			path = Model;
			sourceTree = "<group>";
		};
		BF3DAC2827430667000B0A5B /* App */ = {
			isa = PBXGroup;
			children = (
				BF3DAC1327430020000B0A5B /* HoneymoonApp.swift */,
			);
			path = App;
			sourceTree = "<group>";
		};
		BF3DAC292743066C000B0A5B /* View */ = {
			isa = PBXGroup;
			children = (
				BF3DAC1527430020000B0A5B /* ContentView.swift */,
				BF3DAC2D274306F6000B0A5B /* CardView.swift */,
				BF3DAC2F27430888000B0A5B /* HeaderView.swift */,
				BF3DAC312743098E000B0A5B /* FooterView.swift */,
				BF3DAC3827430CD4000B0A5B /* GuideView.swift */,
				BF3DAC3A27436724000B0A5B /* InfoView.swift */,
			);
			path = View;
			sourceTree = "<group>";
		};
		BF3DAC2A27430692000B0A5B /* Data */ = {
			isa = PBXGroup;
			children = (
				BF3DAC2B274306A1000B0A5B /* HoneymoonData.swift */,
			);
			path = Data;
			sourceTree = "<group>";
		};
		BF3DAC3327430ABA000B0A5B /* Component */ = {
			isa = PBXGroup;
			children = (
				BF3DAC3427430AF0000B0A5B /* HeaderComponent.swift */,
				BF3DAC3627430B6C000B0A5B /* GuideComponent.swift */,
			);
			path = Component;
			sourceTree = "<group>";
		};
		BF3DAC3E274367C7000B0A5B /* Modifier */ = {
			isa = PBXGroup;
			children = (
				BF3DAC3C27436795000B0A5B /* TitleModifier.swift */,
				BF3DAC3F2743687C000B0A5B /* ButtonModifier.swift */,
				BF3DAC41274428C3000B0A5B /* SymbolModifier.swift */,
			);
			path = Modifier;
			sourceTree = "<group>";
		};
		BF3DAC4327442B18000B0A5B /* Extension */ = {
			isa = PBXGroup;
			children = (
				BF3DAC4427442B2A000B0A5B /* CardTransition.swift */,
			);
			path = Extension;
			sourceTree = "<group>";
		};
		BF3DAC4627442C86000B0A5B /* Helper */ = {
			isa = PBXGroup;
			children = (
				BF3DAC4727442C93000B0A5B /* PlaySound.swift */,
			);
			path = Helper;
			sourceTree = "<group>";
		};
		BF3DAC4D27442DFB000B0A5B /* Sound */ = {
			isa = PBXGroup;
			children = (
				BF3DAC4927442DF1000B0A5B /* sound-click.mp3 */,
				BF3DAC4A27442DF1000B0A5B /* sound-rise.mp3 */,
			);
			path = Sound;
			sourceTree = "<group>";
		};
/* End PBXGroup section */

/* Begin PBXNativeTarget section */
		BF3DAC0F27430020000B0A5B /* Honeymoon */ = {
			isa = PBXNativeTarget;
			buildConfigurationList = BF3DAC1E27430023000B0A5B /* Build configuration list for PBXNativeTarget "Honeymoon" */;
			buildPhases = (
				BF3DAC0C27430020000B0A5B /* Sources */,
				BF3DAC0D27430020000B0A5B /* Frameworks */,
				BF3DAC0E27430020000B0A5B /* Resources */,
			);
			buildRules = (
			);
			dependencies = (
			);
			name = Honeymoon;
			productName = Honeymoon;
			productReference = BF3DAC1027430020000B0A5B /* Honeymoon.app */;
			productType = "com.apple.product-type.application";
		};
/* End PBXNativeTarget section */

/* Begin PBXProject section */
		BF3DAC0827430020000B0A5B /* Project object */ = {
			isa = PBXProject;
			attributes = {
				BuildIndependentTargetsInParallel = 1;
				LastSwiftUpdateCheck = 1310;
				LastUpgradeCheck = 1310;
				TargetAttributes = {
					BF3DAC0F27430020000B0A5B = {
						CreatedOnToolsVersion = 13.1;
					};
				};
			};
			buildConfigurationList = BF3DAC0B27430020000B0A5B /* Build configuration list for PBXProject "Honeymoon" */;
			compatibilityVersion = "Xcode 13.0";
			developmentRegion = en;
			hasScannedForEncodings = 0;
			knownRegions = (
				en,
				Base,
			);
			mainGroup = BF3DAC0727430020000B0A5B;
			productRefGroup = BF3DAC1127430020000B0A5B /* Products */;
			projectDirPath = "";
			projectRoot = "";
			targets = (
				BF3DAC0F27430020000B0A5B /* Honeymoon */,
			);
		};
/* End PBXProject section */

/* Begin PBXResourcesBuildPhase section */
		BF3DAC0E27430020000B0A5B /* Resources */ = {
			isa = PBXResourcesBuildPhase;
			buildActionMask = 2147483647;
			files = (
				BF3DAC4C27442DF1000B0A5B /* sound-rise.mp3 in Resources */,
				BF3DAC1B27430023000B0A5B /* Preview Assets.xcassets in Resources */,
				BF3DAC4B27442DF1000B0A5B /* sound-click.mp3 in Resources */,
				BF3DAC2427430489000B0A5B /* Launch Screen.storyboard in Resources */,
				BF3DAC1827430023000B0A5B /* Assets.xcassets in Resources */,
			);
			runOnlyForDeploymentPostprocessing = 0;
		};
/* End PBXResourcesBuildPhase section */

/* Begin PBXSourcesBuildPhase section */
		BF3DAC0C27430020000B0A5B /* Sources */ = {
			isa = PBXSourcesBuildPhase;
			buildActionMask = 2147483647;
			files = (
				BF3DAC2C274306A1000B0A5B /* HoneymoonData.swift in Sources */,
				BF3DAC3B27436724000B0A5B /* InfoView.swift in Sources */,
				BF3DAC322743098F000B0A5B /* FooterView.swift in Sources */,
				BF3DAC3D27436795000B0A5B /* TitleModifier.swift in Sources */,
				BF3DAC4527442B2A000B0A5B /* CardTransition.swift in Sources */,
				BF3DAC42274428C3000B0A5B /* SymbolModifier.swift in Sources */,
				BF3DAC3027430888000B0A5B /* HeaderView.swift in Sources */,
				BF3DAC2627430650000B0A5B /* HoneymoonModel.swift in Sources */,
				BF3DAC402743687C000B0A5B /* ButtonModifier.swift in Sources */,
				BF3DAC4827442C93000B0A5B /* PlaySound.swift in Sources */,
				BF3DAC3527430AF0000B0A5B /* HeaderComponent.swift in Sources */,
				BF3DAC1627430020000B0A5B /* ContentView.swift in Sources */,
				BF3DAC1427430020000B0A5B /* HoneymoonApp.swift in Sources */,
				BF3DAC2E274306F6000B0A5B /* CardView.swift in Sources */,
				BF3DAC3727430B6C000B0A5B /* GuideComponent.swift in Sources */,
				BF3DAC3927430CD4000B0A5B /* GuideView.swift in Sources */,
			);
			runOnlyForDeploymentPostprocessing = 0;
		};
/* End PBXSourcesBuildPhase section */

/* Begin XCBuildConfiguration section */
		BF3DAC1C27430023000B0A5B /* Debug */ = {
			isa = XCBuildConfiguration;
			buildSettings = {
				ALWAYS_SEARCH_USER_PATHS = NO;
				CLANG_ANALYZER_NONNULL = YES;
				CLANG_ANALYZER_NUMBER_OBJECT_CONVERSION = YES_AGGRESSIVE;
				CLANG_CXX_LANGUAGE_STANDARD = "gnu++17";
				CLANG_CXX_LIBRARY = "libc++";
				CLANG_ENABLE_MODULES = YES;
				CLANG_ENABLE_OBJC_ARC = YES;
				CLANG_ENABLE_OBJC_WEAK = YES;
				CLANG_WARN_BLOCK_CAPTURE_AUTORELEASING = YES;
				CLANG_WARN_BOOL_CONVERSION = YES;
				CLANG_WARN_COMMA = YES;
				CLANG_WARN_CONSTANT_CONVERSION = YES;
				CLANG_WARN_DEPRECATED_OBJC_IMPLEMENTATIONS = YES;
				CLANG_WARN_DIRECT_OBJC_ISA_USAGE = YES_ERROR;
				CLANG_WARN_DOCUMENTATION_COMMENTS = YES;
				CLANG_WARN_EMPTY_BODY = YES;
				CLANG_WARN_ENUM_CONVERSION = YES;
				CLANG_WARN_INFINITE_RECURSION = YES;
				CLANG_WARN_INT_CONVERSION = YES;
				CLANG_WARN_NON_LITERAL_NULL_CONVERSION = YES;
				CLANG_WARN_OBJC_IMPLICIT_RETAIN_SELF = YES;
				CLANG_WARN_OBJC_LITERAL_CONVERSION = YES;
				CLANG_WARN_OBJC_ROOT_CLASS = YES_ERROR;
				CLANG_WARN_QUOTED_INCLUDE_IN_FRAMEWORK_HEADER = YES;
				CLANG_WARN_RANGE_LOOP_ANALYSIS = YES;
				CLANG_WARN_STRICT_PROTOTYPES = YES;
				CLANG_WARN_SUSPICIOUS_MOVE = YES;
				CLANG_WARN_UNGUARDED_AVAILABILITY = YES_AGGRESSIVE;
				CLANG_WARN_UNREACHABLE_CODE = YES;
				CLANG_WARN__DUPLICATE_METHOD_MATCH = YES;
				COPY_PHASE_STRIP = NO;
				DEBUG_INFORMATION_FORMAT = dwarf;
				ENABLE_STRICT_OBJC_MSGSEND = YES;
				ENABLE_TESTABILITY = YES;
				GCC_C_LANGUAGE_STANDARD = gnu11;
				GCC_DYNAMIC_NO_PIC = NO;
				GCC_NO_COMMON_BLOCKS = YES;
				GCC_OPTIMIZATION_LEVEL = 0;
				GCC_PREPROCESSOR_DEFINITIONS = (
					"DEBUG=1",
					"$(inherited)",
				);
				GCC_WARN_64_TO_32_BIT_CONVERSION = YES;
				GCC_WARN_ABOUT_RETURN_TYPE = YES_ERROR;
				GCC_WARN_UNDECLARED_SELECTOR = YES;
				GCC_WARN_UNINITIALIZED_AUTOS = YES_AGGRESSIVE;
				GCC_WARN_UNUSED_FUNCTION = YES;
				GCC_WARN_UNUSED_VARIABLE = YES;
				IPHONEOS_DEPLOYMENT_TARGET = 15.0;
				MTL_ENABLE_DEBUG_INFO = INCLUDE_SOURCE;
				MTL_FAST_MATH = YES;
				ONLY_ACTIVE_ARCH = YES;
				SDKROOT = iphoneos;
				SWIFT_ACTIVE_COMPILATION_CONDITIONS = DEBUG;
				SWIFT_OPTIMIZATION_LEVEL = "-Onone";
			};
			name = Debug;
		};
		BF3DAC1D27430023000B0A5B /* Release */ = {
			isa = XCBuildConfiguration;
			buildSettings = {
				ALWAYS_SEARCH_USER_PATHS = NO;
				CLANG_ANALYZER_NONNULL = YES;
				CLANG_ANALYZER_NUMBER_OBJECT_CONVERSION = YES_AGGRESSIVE;
				CLANG_CXX_LANGUAGE_STANDARD = "gnu++17";
				CLANG_CXX_LIBRARY = "libc++";
				CLANG_ENABLE_MODULES = YES;
				CLANG_ENABLE_OBJC_ARC = YES;
				CLANG_ENABLE_OBJC_WEAK = YES;
				CLANG_WARN_BLOCK_CAPTURE_AUTORELEASING = YES;
				CLANG_WARN_BOOL_CONVERSION = YES;
				CLANG_WARN_COMMA = YES;
				CLANG_WARN_CONSTANT_CONVERSION = YES;
				CLANG_WARN_DEPRECATED_OBJC_IMPLEMENTATIONS = YES;
				CLANG_WARN_DIRECT_OBJC_ISA_USAGE = YES_ERROR;
				CLANG_WARN_DOCUMENTATION_COMMENTS = YES;
				CLANG_WARN_EMPTY_BODY = YES;
				CLANG_WARN_ENUM_CONVERSION = YES;
				CLANG_WARN_INFINITE_RECURSION = YES;
				CLANG_WARN_INT_CONVERSION = YES;
				CLANG_WARN_NON_LITERAL_NULL_CONVERSION = YES;
				CLANG_WARN_OBJC_IMPLICIT_RETAIN_SELF = YES;
				CLANG_WARN_OBJC_LITERAL_CONVERSION = YES;
				CLANG_WARN_OBJC_ROOT_CLASS = YES_ERROR;
				CLANG_WARN_QUOTED_INCLUDE_IN_FRAMEWORK_HEADER = YES;
				CLANG_WARN_RANGE_LOOP_ANALYSIS = YES;
				CLANG_WARN_STRICT_PROTOTYPES = YES;
				CLANG_WARN_SUSPICIOUS_MOVE = YES;
				CLANG_WARN_UNGUARDED_AVAILABILITY = YES_AGGRESSIVE;
				CLANG_WARN_UNREACHABLE_CODE = YES;
				CLANG_WARN__DUPLICATE_METHOD_MATCH = YES;
				COPY_PHASE_STRIP = NO;
				DEBUG_INFORMATION_FORMAT = "dwarf-with-dsym";
				ENABLE_NS_ASSERTIONS = NO;
				ENABLE_STRICT_OBJC_MSGSEND = YES;
				GCC_C_LANGUAGE_STANDARD = gnu11;
				GCC_NO_COMMON_BLOCKS = YES;
				GCC_WARN_64_TO_32_BIT_CONVERSION = YES;
				GCC_WARN_ABOUT_RETURN_TYPE = YES_ERROR;
				GCC_WARN_UNDECLARED_SELECTOR = YES;
				GCC_WARN_UNINITIALIZED_AUTOS = YES_AGGRESSIVE;
				GCC_WARN_UNUSED_FUNCTION = YES;
				GCC_WARN_UNUSED_VARIABLE = YES;
				IPHONEOS_DEPLOYMENT_TARGET = 15.0;
				MTL_ENABLE_DEBUG_INFO = NO;
				MTL_FAST_MATH = YES;
				SDKROOT = iphoneos;
				SWIFT_COMPILATION_MODE = wholemodule;
				SWIFT_OPTIMIZATION_LEVEL = "-O";
				VALIDATE_PRODUCT = YES;
			};
			name = Release;
		};
		BF3DAC1F27430023000B0A5B /* Debug */ = {
			isa = XCBuildConfiguration;
			buildSettings = {
				ASSETCATALOG_COMPILER_APPICON_NAME = AppIcon;
				ASSETCATALOG_COMPILER_GLOBAL_ACCENT_COLOR_NAME = AccentColor;
				ASSETCATALOG_COMPILER_INCLUDE_ALL_APPICON_ASSETS = YES;
				CODE_SIGN_STYLE = Automatic;
				CURRENT_PROJECT_VERSION = 1;
				DEVELOPMENT_ASSET_PATHS = "\"Honeymoon/Preview Content\"";
				DEVELOPMENT_TEAM = 2MH6T8339A;
				ENABLE_PREVIEWS = YES;
				GENERATE_INFOPLIST_FILE = YES;
				INFOPLIST_KEY_UIApplicationSceneManifest_Generation = YES;
				INFOPLIST_KEY_UIApplicationSupportsIndirectInputEvents = YES;
				INFOPLIST_KEY_UILaunchScreen_Generation = YES;
				INFOPLIST_KEY_UILaunchStoryboardName = "Launch Screen";
				INFOPLIST_KEY_UISupportedInterfaceOrientations = UIInterfaceOrientationPortrait;
				INFOPLIST_KEY_UISupportedInterfaceOrientations_iPad = "UIInterfaceOrientationPortrait UIInterfaceOrientationPortraitUpsideDown UIInterfaceOrientationLandscapeLeft UIInterfaceOrientationLandscapeRight";
				INFOPLIST_KEY_UISupportedInterfaceOrientations_iPhone = "UIInterfaceOrientationPortrait UIInterfaceOrientationLandscapeLeft UIInterfaceOrientationLandscapeRight";
				LD_RUNPATH_SEARCH_PATHS = (
					"$(inherited)",
					"@executable_path/Frameworks",
				);
				MARKETING_VERSION = 1.0;
				PRODUCT_BUNDLE_IDENTIFIER = com.rohit.Honeymoon;
				PRODUCT_NAME = "$(TARGET_NAME)";
				SWIFT_EMIT_LOC_STRINGS = YES;
				SWIFT_VERSION = 5.0;
				TARGETED_DEVICE_FAMILY = "1,2";
			};
			name = Debug;
		};
		BF3DAC2027430023000B0A5B /* Release */ = {
			isa = XCBuildConfiguration;
			buildSettings = {
				ASSETCATALOG_COMPILER_APPICON_NAME = AppIcon;
				ASSETCATALOG_COMPILER_GLOBAL_ACCENT_COLOR_NAME = AccentColor;
				ASSETCATALOG_COMPILER_INCLUDE_ALL_APPICON_ASSETS = YES;
				CODE_SIGN_STYLE = Automatic;
				CURRENT_PROJECT_VERSION = 1;
				DEVELOPMENT_ASSET_PATHS = "\"Honeymoon/Preview Content\"";
				DEVELOPMENT_TEAM = 2MH6T8339A;
				ENABLE_PREVIEWS = YES;
				GENERATE_INFOPLIST_FILE = YES;
				INFOPLIST_KEY_UIApplicationSceneManifest_Generation = YES;
				INFOPLIST_KEY_UIApplicationSupportsIndirectInputEvents = YES;
				INFOPLIST_KEY_UILaunchScreen_Generation = YES;
				INFOPLIST_KEY_UILaunchStoryboardName = "Launch Screen";
				INFOPLIST_KEY_UISupportedInterfaceOrientations = UIInterfaceOrientationPortrait;
				INFOPLIST_KEY_UISupportedInterfaceOrientations_iPad = "UIInterfaceOrientationPortrait UIInterfaceOrientationPortraitUpsideDown UIInterfaceOrientationLandscapeLeft UIInterfaceOrientationLandscapeRight";
				INFOPLIST_KEY_UISupportedInterfaceOrientations_iPhone = "UIInterfaceOrientationPortrait UIInterfaceOrientationLandscapeLeft UIInterfaceOrientationLandscapeRight";
				LD_RUNPATH_SEARCH_PATHS = (
					"$(inherited)",
					"@executable_path/Frameworks",
				);
				MARKETING_VERSION = 1.0;
				PRODUCT_BUNDLE_IDENTIFIER = com.rohit.Honeymoon;
				PRODUCT_NAME = "$(TARGET_NAME)";
				SWIFT_EMIT_LOC_STRINGS = YES;
				SWIFT_VERSION = 5.0;
				TARGETED_DEVICE_FAMILY = "1,2";
			};
			name = Release;
		};
/* End XCBuildConfiguration section */

/* Begin XCConfigurationList section */
		BF3DAC0B27430020000B0A5B /* Build configuration list for PBXProject "Honeymoon" */ = {
			isa = XCConfigurationList;
			buildConfigurations = (
				BF3DAC1C27430023000B0A5B /* Debug */,
				BF3DAC1D27430023000B0A5B /* Release */,
			);
			defaultConfigurationIsVisible = 0;
			defaultConfigurationName = Release;
		};
		BF3DAC1E27430023000B0A5B /* Build configuration list for PBXNativeTarget "Honeymoon" */ = {
			isa = XCConfigurationList;
			buildConfigurations = (
				BF3DAC1F27430023000B0A5B /* Debug */,
				BF3DAC2027430023000B0A5B /* Release */,
			);
			defaultConfigurationIsVisible = 0;
			defaultConfigurationName = Release;
		};
/* End XCConfigurationList section */
	};
	rootObject = BF3DAC0827430020000B0A5B /* Project object */;
}
